<?xml version="1.0" encoding="UTF-8" standalone="yes" ?>
<CodeBlocks_project_file>
	<FileVersion major="1" minor="6" />
	<Project>
		<Option title="skynet20" />
		<Option pch_mode="2" />
		<Option compiler="gcc" />
		<Option virtualFolders="Sources/c++/header/;" />
		<Build>
			<Target title="Debug">
				<Option output="bin/Debug/skynet20" prefix_auto="1" extension_auto="1" />
				<Option object_output="obj/Debug/" />
				<Option type="1" />
				<Option compiler="gcc" />
				<Compiler>
					<Add option="-std=c++14" />
					<Add option="-g" />
				</Compiler>
			</Target>
			<Target title="Release">
				<Option output="bin/Release/skynet20" prefix_auto="1" extension_auto="1" />
				<Option object_output="obj/Release/" />
				<Option type="1" />
				<Option compiler="gcc" />
				<Compiler>
					<Add option="-O2" />
					<Add option="-std=c++14" />
				</Compiler>
				<Linker>
					<Add option="-s" />
				</Linker>
			</Target>
		</Build>
		<Compiler>
			<Add option="-Wall" />
			<Add option="-std=c++14" />
			<Add option="-fexceptions" />
		</Compiler>
		<Linker>
			<Add option="-lpthread" />
		</Linker>
		<Unit filename="I_E.hpp" />
		<Unit filename="Learning.hpp" />
		<Unit filename="Sources/c++/IORNL.cpp" />
		<Unit filename="Sources/c++/Learning.cpp" />
		<Unit filename="Sources/c++/Linear_Spread.cpp">
			<Option virtualFolder="Sources/c++/header/" />
		</Unit>
		<Unit filename="Sources/c++/RNL_error.cpp" />
		<Unit filename="Sources/c++/RNL_type.cpp" />
		<Unit filename="Sources/c++/auto_building.cpp" />
		<Unit filename="Sources/c++/header/IORNL.hpp" />
		<Unit filename="Sources/c++/header/Learning.hpp" />
		<Unit filename="Sources/c++/header/Linear_Spread.hpp" />
		<Unit filename="Sources/c++/header/RNL_Math.hpp" />
		<Unit filename="Sources/c++/header/RNL_error.hpp" />
		<Unit filename="Sources/c++/header/RNL_type.hpp" />
		<Unit filename="Sources/c++/header/auto_building.hpp" />
		<Unit filename="Sources/c++/header/matrice.hpp" />
		<Unit filename="Sources/python/RNL_type.py">
			<Option target="&lt;{~None~}&gt;" />
		</Unit>
		<Unit filename="main.cpp" />
		<Unit filename="neuronal_tool.hpp" />
		<Unit filename="skynet20.py">
			<Option target="&lt;{~None~}&gt;" />
		</Unit>
		<Extensions>
			<code_completion />
			<envvars />
			<debugger />
			<lib_finder disable_auto="1" />
			<DoxyBlocks>
				<comment_style block="5" line="1" />
				<doxyfile_project output_language="French" />
				<doxyfile_build />
				<doxyfile_warnings />
				<doxyfile_output />
				<doxyfile_dot />
				<general />
			</DoxyBlocks>
		</Extensions>
	</Project>
</CodeBlocks_project_file>
